
Microsoft Visual Studio Solution File, Format Version 12.00
# Visual Studio Version 17
VisualStudioVersion = 17.13.35913.81 d17.13
MinimumVisualStudioVersion = 10.0.40219.1
Project("{FAE04EC0-301F-11D3-BF4B-00C04F79EFBC}") = "DataTablesandSorting", "DataTablesandSorting\DataTablesandSorting.csproj", "{39A8C3B5-9BB2-4850-BF0B-8E9ADE84CD07}"
EndProject
Global
	GlobalSection(SolutionConfigurationPlatforms) = preSolution
		Debug|Any CPU = Debug|Any CPU
		Release|Any CPU = Release|Any CPU
	EndGlobalSection
	GlobalSection(ProjectConfigurationPlatforms) = postSolution
		{39A8C3B5-9BB2-4850-BF0B-8E9ADE84CD07}.Debug|Any CPU.ActiveCfg = Debug|Any CPU
		{39A8C3B5-9BB2-4850-BF0B-8E9ADE84CD07}.Debug|Any CPU.Build.0 = Debug|Any CPU
		{39A8C3B5-9BB2-4850-BF0B-8E9ADE84CD07}.Release|Any CPU.ActiveCfg = Release|Any CPU
		{39A8C3B5-9BB2-4850-BF0B-8E9ADE84CD07}.Release|Any CPU.Build.0 = Release|Any CPU
	EndGlobalSection
	GlobalSection(SolutionProperties) = preSolution
		HideSolutionNode = FALSE
	EndGlobalSection
	GlobalSection(ExtensibilityGlobals) = postSolution
		SolutionGuid = {D22F7908-75E3-45F6-8383-407B7E0D1F9E}
	EndGlobalSection
EndGlobal
