
Microsoft Visual Studio Solution File, Format Version 12.00
# Visual Studio Version 17
VisualStudioVersion = 17.13.35913.81 d17.13
MinimumVisualStudioVersion = 10.0.40219.1
Project("{FAE04EC0-301F-11D3-BF4B-00C04F79EFBC}") = "ComprehensiveTestSuite", "ComprehensiveTestSuite\ComprehensiveTestSuite.csproj", "{881B2320-3A4B-46C8-9312-93C26B20DA88}"
EndProject
Global
	GlobalSection(SolutionConfigurationPlatforms) = preSolution
		Debug|Any CPU = Debug|Any CPU
		Release|Any CPU = Release|Any CPU
	EndGlobalSection
	GlobalSection(ProjectConfigurationPlatforms) = postSolution
		{881B2320-3A4B-46C8-9312-93C26B20DA88}.Debug|Any CPU.ActiveCfg = Debug|Any CPU
		{881B2320-3A4B-46C8-9312-93C26B20DA88}.Debug|Any CPU.Build.0 = Debug|Any CPU
		{881B2320-3A4B-46C8-9312-93C26B20DA88}.Release|Any CPU.ActiveCfg = Release|Any CPU
		{881B2320-3A4B-46C8-9312-93C26B20DA88}.Release|Any CPU.Build.0 = Release|Any CPU
	EndGlobalSection
	GlobalSection(SolutionProperties) = preSolution
		HideSolutionNode = FALSE
	EndGlobalSection
	GlobalSection(ExtensibilityGlobals) = postSolution
		SolutionGuid = {C7968ECF-A967-4D54-8D79-04AF23AC5655}
	EndGlobalSection
EndGlobal
